{
    "name": "pix-elements",
    "version": "1.0.0",
    "lockfileVersion": 3,
    "requires": true,
    "packages": {
        "": {
            "name": "pix-elements",
            "version": "1.0.0",
            "license": "MIT",
            "dependencies": {
                "pix-elements": "^1.0.0"
            }
        },
        "node_modules/pix-elements": {
            "version": "1.0.0",
            "resolved": "https://registry.npmjs.org/pix-elements/-/pix-elements-1.0.0.tgz",
            "integrity": "sha512-nHNhePUmTUDZltT00KQtqzDkhelepELqwGpAHzOM9a6DHCz6sVxj8aXKaG2sKuQRqwBsAVfFzY5pN4gozTL2zw==",
            "license": "MIT"
        }
    }
}
